{
  "name": "rota-print",
  "version": "1.0.0",
  "lockfileVersion": 1,
  "requires": true,
  "dependencies": {
    "@fortawesome/fontawesome-free": {
      "version": "5.13.0",
      "resolved": "https://registry.npmjs.org/@fortawesome/fontawesome-free/-/fontawesome-free-5.13.0.tgz",
      "integrity": "sha512-xKOeQEl5O47GPZYIMToj6uuA2syyFlq9EMSl2ui0uytjY9xbe8XS0pexNWmxrdcCyNGyDmLyYw5FtKsalBUeOg=="
    },
    "animate.css": {
      "version": "3.7.2",
      "resolved": "https://registry.npmjs.org/animate.css/-/animate.css-3.7.2.tgz",
      "integrity": "sha512-0bE8zYo7C0KvgOYrSVfrzkbYk6IOTVPNqkiHg2cbyF4Pq/PXzilz4BRWA3hwEUBoMp5VBgrC29lQIZyhRWdBTw=="
    },
    "bulma": {
      "version": "0.8.1",
      "resolved": "https://registry.npmjs.org/bulma/-/bulma-0.8.1.tgz",
      "integrity": "sha512-Afi2zv4DKmNSYfmx55V+Mtnt8+WfR8Rs65kWArmzEuWP7vNr7dSAEDI+ORZlgOR1gueNZwpKaPdUi4ZiTNwgPA=="
    },
    "bulma-extensions": {
      "version": "6.2.7",
      "resolved": "https://registry.npmjs.org/bulma-extensions/-/bulma-extensions-6.2.7.tgz",
      "integrity": "sha512-y3dHsxlCYkuxUg87KKN9H4InM8NCk8tdnrlxLkYak8sd2WQdllg3wP2Nv41lj8X46uPXX2ADP0MO65LlXPHt/Q=="
    },
    "bulma-modal-fx": {
      "version": "1.1.1",
      "resolved": "https://registry.npmjs.org/bulma-modal-fx/-/bulma-modal-fx-1.1.1.tgz",
      "integrity": "sha512-Ma1e/uczogPd0MzpeOsYJau1ocavO2wlnGg1ZVg+/mrsKyeasrdtyfbOH1kRdzqCH9DMrZAw7WEW0Oa3lKr6Fw=="
    },
    "bulma-toast": {
      "version": "1.5.4",
      "resolved": "https://registry.npmjs.org/bulma-toast/-/bulma-toast-1.5.4.tgz",
      "integrity": "sha512-yLGeupj1WOCgOS6Gtik2eyJ2aA55nFwDyTeLSoTDdRRdWsWbBcMsna3j7ZATiQTZ4o5BI05X4z/qCKc9qMysUA=="
    },
    "lottie-web": {
      "version": "5.6.7",
      "resolved": "https://registry.npmjs.org/lottie-web/-/lottie-web-5.6.7.tgz",
      "integrity": "sha512-ckdo2Myr4iv0nZ+ENwAN3NIsL6QsNLDWW1l52/rjpsDOVFO4iSVNgupYZXWrvsNcLWofoS9oeP8HgX7AGQY8DQ=="
    }
  }
}
